<?xml version="1.0" encoding="utf-8"?>
<Project ToolsVersion="4.0" xmlns="http://schemas.microsoft.com/developer/msbuild/2003">
  <ItemGroup>
    <ClCompile Include="src\Error.cpp">
      <Filter>Common</Filter>
    </ClCompile>
    <ClCompile Include="src\pch.cpp">
      <Filter>Detail</Filter>
    </ClCompile>
    <ClCompile Include="src\IocpCore.cpp">
      <Filter>Detail</Filter>
    </ClCompile>
    <ClCompile Include="src\WinsockExtension.cpp" />
    <ClCompile Include="src\WinsockInitializer.cpp" />
    <ClCompile Include="src\RecvBuffer.cpp" />
  </ItemGroup>
  <ItemGroup>
    <ClInclude Include="include\csmnet\common\Error.h">
      <Filter>Common</Filter>
    </ClInclude>
    <ClInclude Include="include\csmnet\detail\Config.h">
      <Filter>Detail</Filter>
    </ClInclude>
    <ClInclude Include="include\csmnet\detail\IocpCore.h">
      <Filter>Detail</Filter>
    </ClInclude>
    <ClInclude Include="src\pch.h">
      <Filter>Detail</Filter>
    </ClInclude>
    <ClInclude Include="include\csmnet\detail\RecvBuffer.h">
      <Filter>Detail</Filter>
    </ClInclude>
    <ClInclude Include="include\csmnet\detail\IIocpRegistrable.h" />
    <ClInclude Include="include\csmnet\detail\IocpEvent.h" />
    <ClInclude Include="include\csmnet\detail\WinsockInitializer.h" />
    <ClInclude Include="include\csmnet\detail\WinsockExtension.h" />
  </ItemGroup>
  <ItemGroup>
    <Filter Include="Common">
      <UniqueIdentifier>{6ed740ff-7faf-4e7a-a452-e6cf51f9e8bf}</UniqueIdentifier>
    </Filter>
    <Filter Include="Detail">
      <UniqueIdentifier>{b7d72e7a-adf1-4893-8e32-98699f3dee7b}</UniqueIdentifier>
    </Filter>
  </ItemGroup>
</Project>