<?xml version="1.0" encoding="utf-8"?>
<Project ToolsVersion="4.0" xmlns="http://schemas.microsoft.com/developer/msbuild/2003">
  <ItemGroup>
    <ClCompile Include="src\Error.cpp">
      <Filter>Common</Filter>
    </ClCompile>
    <ClCompile Include="src\pch.cpp">
      <Filter>Detail</Filter>
    </ClCompile>
    <ClCompile Include="src\IocpCore.cpp">
      <Filter>Detail</Filter>
    </ClCompile>
    <ClCompile Include="src\Socket.cpp" />
    <ClCompile Include="src\Endpoint.cpp" />
    <ClCompile Include="src\Acceptor.cpp" />
    <ClCompile Include="src\WinsockExtension.cpp" />
    <ClCompile Include="src\Client.cpp" />
    <ClCompile Include="src\WinsockInitializer.cpp" />
    <ClCompile Include="src\SpdLogger.cpp" />
    <ClCompile Include="src\ClientSession.cpp" />
    <ClCompile Include="src\ServerSession.cpp" />
    <ClCompile Include="src\Session.cpp" />
  </ItemGroup>
  <ItemGroup>
    <ClInclude Include="include\csmnet\common\Error.h">
      <Filter>Common</Filter>
    </ClInclude>
    <ClInclude Include="include\csmnet\detail\Config.h">
      <Filter>Detail</Filter>
    </ClInclude>
    <ClInclude Include="include\csmnet\detail\IocpCore.h">
      <Filter>Detail</Filter>
    </ClInclude>
    <ClInclude Include="src\pch.h">
      <Filter>Detail</Filter>
    </ClInclude>
    <ClInclude Include="include\csmnet\util\FifoBuffer.h">
      <Filter>Detail</Filter>
    </ClInclude>
    <ClInclude Include="include\csmnet\detail\IIocpRegistrable.h" />
    <ClInclude Include="include\csmnet\detail\IocpEvent.h" />
    <ClInclude Include="include\csmnet\detail\SocketOption.h" />
    <ClInclude Include="include\csmnet\detail\Socket.h" />
    <ClInclude Include="include\csmnet\detail\Endpoint.h" />
    <ClInclude Include="include\csmnet\detail\Acceptor.h" />
    <ClInclude Include="include\csmnet\network\Server.h" />
    <ClInclude Include="include\csmnet\detail\WinsockInitializer.h" />
    <ClInclude Include="include\csmnet\network\Client.h" />
    <ClInclude Include="include\csmnet\detail\WinsockExtension.h" />
    <ClInclude Include="include\csmnet\util\ILogger.h" />
    <ClInclude Include="include\csmnet\util\SpdLogger.h" />
    <ClInclude Include="include\csmnet\network\ClientSession.h" />
    <ClInclude Include="include\csmnet\common\Type.h" />
    <ClInclude Include="include\csmnet\detail\Session.h" />
    <ClInclude Include="include\csmnet\network\ServerSession.h" />
    <ClInclude Include="include\csmnet\util\ObjectPool.h" />
    <ClInclude Include="include\csmnet\detail\IServerApiForAcceptor.h" />
    <ClInclude Include="include\csmnet\common\Assertion.h" />
    <ClInclude Include="include\csmnet\dto\ServerConfig.h" />
    <ClInclude Include="include\csmnet\dto\ClientConfig.h" />
  </ItemGroup>
  <ItemGroup>
    <Filter Include="Common">
      <UniqueIdentifier>{6ed740ff-7faf-4e7a-a452-e6cf51f9e8bf}</UniqueIdentifier>
    </Filter>
    <Filter Include="Detail">
      <UniqueIdentifier>{b7d72e7a-adf1-4893-8e32-98699f3dee7b}</UniqueIdentifier>
    </Filter>
  </ItemGroup>
</Project>